{
  "name": "backend",
  "lockfileVersion": 3,
  "requires": true,
  "packages": {
    "": {
      "dependencies": {
        "@openai/chatkit": "^1.1.0"
      }
    },
    "node_modules/@openai/chatkit": {
      "version": "1.1.0",
      "resolved": "https://registry.npmjs.org/@openai/chatkit/-/chatkit-1.1.0.tgz",
      "integrity": "sha512-nLFX/syBdrKh+puKFlfUwSb4/t0F55ODrQNbHRV5/EeOhk4dX/uI8ZOA2GWuMEBVp2App9exx0KNMJiAjJ78ew==",
      "license": "MIT"
    }
  }
}
